dependencies:
- name: postgresql
  repository: https://charts.bitnami.com/bitnami
  version: 12.5.6
- name: redis
  repository: https://charts.bitnami.com/bitnami
  version: 17.11.3
- name: nginx
  repository: https://charts.bitnami.com/bitnami
  version: 15.0.1
digest: sha256:30faf2f1b5b15c4fd944e6d38bcbf78a2f5b8947d2076af0bcf7187ea3777135
generated: "2023-06-05T22:12:25.919261+02:00"
