dependencies:
- name: prometheus
  repository: https://prometheus-community.github.io/helm-charts
  version: 13.2.1
- name: prometheus-blackbox-exporter
  repository: https://prometheus-community.github.io/helm-charts
  version: 4.10.2
- name: grafana
  repository: https://grafana.github.io/helm-charts
  version: 6.2.2
- name: speedtest-exporter
  repository: https://timebertt.github.io/helm-charts
  version: 0.0.1
digest: sha256:793758968279c62562fdb40020f71fcc17f26c31df9a020a39820edd0aa484af
generated: "2021-02-25T21:34:28.146844+01:00"
