dependencies:
- name: prometheus
  repository: https://prometheus-community.github.io/helm-charts
  version: 13.2.1
- name: prometheus-blackbox-exporter
  repository: https://prometheus-community.github.io/helm-charts
  version: 4.10.2
- name: grafana
  repository: https://grafana.github.io/helm-charts
  version: 6.4.5
- name: speedtest-exporter
  repository: https://timebertt.github.io/helm-charts
  version: 0.1.0
digest: sha256:fe5484d54f5502a426124da0e1454c78dfcf748f8cc8e136f908bff3bf67ebac
generated: "2021-03-01T08:03:55.317403+01:00"
