dependencies:
- name: prometheus
  repository: https://prometheus-community.github.io/helm-charts
  version: 13.2.1
- name: prometheus-blackbox-exporter
  repository: https://prometheus-community.github.io/helm-charts
  version: 4.10.2
- name: grafana
  repository: https://grafana.github.io/helm-charts
  version: 6.2.2
- name: speedtest-exporter
  repository: https://timebertt.github.io/helm-charts
  version: 0.1.0
digest: sha256:9c64d3d59395b52f7cbdd92a7c10247c110f25e2f83906bda8b0a25daa8d5952
generated: "2021-02-27T09:45:28.719433+01:00"
